
Microsoft Visual Studio Solution File, Format Version 12.00
# Visual Studio Version 16
VisualStudioVersion = 16.0.29609.76
MinimumVisualStudioVersion = 10.0.40219.1
Project("{FAE04EC0-301F-11D3-BF4B-00C04F79EFBC}") = "IP Scanner", "IP Scanner\IP Scanner.csproj", "{1E2CE734-8116-4838-8A0D-B3D8629755C7}"
EndProject
Global
	GlobalSection(SolutionConfigurationPlatforms) = preSolution
		Debug|Any CPU = Debug|Any CPU
		Release|Any CPU = Release|Any CPU
	EndGlobalSection
	GlobalSection(ProjectConfigurationPlatforms) = postSolution
		{1E2CE734-8116-4838-8A0D-B3D8629755C7}.Debug|Any CPU.ActiveCfg = Debug|Any CPU
		{1E2CE734-8116-4838-8A0D-B3D8629755C7}.Debug|Any CPU.Build.0 = Debug|Any CPU
		{1E2CE734-8116-4838-8A0D-B3D8629755C7}.Release|Any CPU.ActiveCfg = Release|Any CPU
		{1E2CE734-8116-4838-8A0D-B3D8629755C7}.Release|Any CPU.Build.0 = Release|Any CPU
	EndGlobalSection
	GlobalSection(SolutionProperties) = preSolution
		HideSolutionNode = FALSE
	EndGlobalSection
	GlobalSection(ExtensibilityGlobals) = postSolution
		SolutionGuid = {4DAFA795-E3AB-41C6-A6D8-E0D08482E1C0}
	EndGlobalSection
EndGlobal
